
Microsoft Visual Studio Solution File, Format Version 12.00
# Visual Studio 15
VisualStudioVersion = 15.0.28010.2046
MinimumVisualStudioVersion = 10.0.40219.1
Project("{FAE04EC0-301F-11D3-BF4B-00C04F79EFBC}") = "Mediator", "Practices\Mediator.csproj", "{F3931137-444E-4370-83F5-3F79FC42E757}"
EndProject
Project("{FAE04EC0-301F-11D3-BF4B-00C04F79EFBC}") = "ChainOfCommand", "ChainOfCommand\ChainOfCommand.csproj", "{2211E2D3-EA05-4D67-82A7-CDA1FB2FDDFD}"
EndProject
Global
	GlobalSection(SolutionConfigurationPlatforms) = preSolution
		Debug|Any CPU = Debug|Any CPU
		Release|Any CPU = Release|Any CPU
	EndGlobalSection
	GlobalSection(ProjectConfigurationPlatforms) = postSolution
		{F3931137-444E-4370-83F5-3F79FC42E757}.Debug|Any CPU.ActiveCfg = Debug|Any CPU
		{F3931137-444E-4370-83F5-3F79FC42E757}.Debug|Any CPU.Build.0 = Debug|Any CPU
		{F3931137-444E-4370-83F5-3F79FC42E757}.Release|Any CPU.ActiveCfg = Release|Any CPU
		{F3931137-444E-4370-83F5-3F79FC42E757}.Release|Any CPU.Build.0 = Release|Any CPU
		{2211E2D3-EA05-4D67-82A7-CDA1FB2FDDFD}.Debug|Any CPU.ActiveCfg = Debug|Any CPU
		{2211E2D3-EA05-4D67-82A7-CDA1FB2FDDFD}.Debug|Any CPU.Build.0 = Debug|Any CPU
		{2211E2D3-EA05-4D67-82A7-CDA1FB2FDDFD}.Release|Any CPU.ActiveCfg = Release|Any CPU
		{2211E2D3-EA05-4D67-82A7-CDA1FB2FDDFD}.Release|Any CPU.Build.0 = Release|Any CPU
	EndGlobalSection
	GlobalSection(SolutionProperties) = preSolution
		HideSolutionNode = FALSE
	EndGlobalSection
	GlobalSection(ExtensibilityGlobals) = postSolution
		SolutionGuid = {A00332D3-8D3D-43F6-8ED1-B45774359DEC}
	EndGlobalSection
EndGlobal
